{
  "name": "Scripts",
  "lockfileVersion": 3,
  "requires": true,
  "packages": {
    "": {
      "dependencies": {
        "@tabletop-playground/api": "^0.41.0"
      }
    },
    "node_modules/@tabletop-playground/api": {
      "version": "0.41.0",
      "resolved": "https://registry.npmjs.org/@tabletop-playground/api/-/api-0.41.0.tgz",
      "integrity": "sha512-tAG77eYQevQ+r4UN306aktb0qo3/LmNNrZQmi6451jRoUkGHCD94HTyqwT8GUoFgZhtzzmVSefV3E7CFiXU82w=="
    }
  }
}
